// !$*UTF8*$!
{
	archiveVersion = 1;
	classes = {
	};
	objectVersion = 50;
	objects = {

/* Begin PBXBuildFile section */
		180507D723225CFC0072B488 /* AppDelegate.m in Sources */ = {isa = PBXBuildFile; fileRef = 180507D623225CFC0072B488 /* AppDelegate.m */; };
		180507DA23225CFC0072B488 /* ViewController.m in Sources */ = {isa = PBXBuildFile; fileRef = 180507D923225CFC0072B488 /* ViewController.m */; };
		180507DD23225CFC0072B488 /* Main.storyboard in Resources */ = {isa = PBXBuildFile; fileRef = 180507DB23225CFC0072B488 /* Main.storyboard */; };
		180507DF23225CFE0072B488 /* Assets.xcassets in Resources */ = {isa = PBXBuildFile; fileRef = 180507DE23225CFE0072B488 /* Assets.xcassets */; };
		180507E223225CFE0072B488 /* LaunchScreen.storyboard in Resources */ = {isa = PBXBuildFile; fileRef = 180507E023225CFE0072B488 /* LaunchScreen.storyboard */; };
		180507E523225CFE0072B488 /* main.m in Sources */ = {isa = PBXBuildFile; fileRef = 180507E423225CFE0072B488 /* main.m */; };
		CE5B1B46303729C12C24781B /* Pods_TestIgnore.framework in Frameworks */ = {isa = PBXBuildFile; fileRef = EE0144CC2C2339AA54DF505A /* Pods_TestIgnore.framework */; };
/* End PBXBuildFile section */

/* Begin PBXFileReference section */
		180507D223225CFC0072B488 /* TestIgnore.app */ = {isa = PBXFileReference; explicitFileType = wrapper.application; includeInIndex = 0; path = TestIgnore.app; sourceTree = BUILT_PRODUCTS_DIR; };
		180507D523225CFC0072B488 /* AppDelegate.h */ = {isa = PBXFileReference; lastKnownFileType = sourcecode.c.h; path = AppDelegate.h; sourceTree = "<group>"; };
		180507D623225CFC0072B488 /* AppDelegate.m */ = {isa = PBXFileReference; lastKnownFileType = sourcecode.c.objc; path = AppDelegate.m; sourceTree = "<group>"; };
		180507D823225CFC0072B488 /* ViewController.h */ = {isa = PBXFileReference; lastKnownFileType = sourcecode.c.h; path = ViewController.h; sourceTree = "<group>"; };
		180507D923225CFC0072B488 /* ViewController.m */ = {isa = PBXFileReference; lastKnownFileType = sourcecode.c.objc; path = ViewController.m; sourceTree = "<group>"; };
		180507DC23225CFC0072B488 /* Base */ = {isa = PBXFileReference; lastKnownFileType = file.storyboard; name = Base; path = Base.lproj/Main.storyboard; sourceTree = "<group>"; };
		180507DE23225CFE0072B488 /* Assets.xcassets */ = {isa = PBXFileReference; lastKnownFileType = folder.assetcatalog; path = Assets.xcassets; sourceTree = "<group>"; };
		180507E123225CFE0072B488 /* Base */ = {isa = PBXFileReference; lastKnownFileType = file.storyboard; name = Base; path = Base.lproj/LaunchScreen.storyboard; sourceTree = "<group>"; };
		180507E323225CFE0072B488 /* Info.plist */ = {isa = PBXFileReference; lastKnownFileType = text.plist.xml; path = Info.plist; sourceTree = "<group>"; };
		180507E423225CFE0072B488 /* main.m */ = {isa = PBXFileReference; lastKnownFileType = sourcecode.c.objc; path = main.m; sourceTree = "<group>"; };
		2287C8C05B06FB8D8624E4D7 /* Pods-TestIgnore.debug.xcconfig */ = {isa = PBXFileReference; includeInIndex = 1; lastKnownFileType = text.xcconfig; name = "Pods-TestIgnore.debug.xcconfig"; path = "Target Support Files/Pods-TestIgnore/Pods-TestIgnore.debug.xcconfig"; sourceTree = "<group>"; };
		EE0144CC2C2339AA54DF505A /* Pods_TestIgnore.framework */ = {isa = PBXFileReference; explicitFileType = wrapper.framework; includeInIndex = 0; path = Pods_TestIgnore.framework; sourceTree = BUILT_PRODUCTS_DIR; };
		F6EAF0A0DCA8E8253B9CEE40 /* Pods-TestIgnore.release.xcconfig */ = {isa = PBXFileReference; includeInIndex = 1; lastKnownFileType = text.xcconfig; name = "Pods-TestIgnore.release.xcconfig"; path = "Target Support Files/Pods-TestIgnore/Pods-TestIgnore.release.xcconfig"; sourceTree = "<group>"; };
/* End PBXFileReference section */

/* Begin PBXFrameworksBuildPhase section */
		180507CF23225CFC0072B488 /* Frameworks */ = {
			isa = PBXFrameworksBuildPhase;
			buildActionMask = 2147483647;
			files = (
				CE5B1B46303729C12C24781B /* Pods_TestIgnore.framework in Frameworks */,
			);
			runOnlyForDeploymentPostprocessing = 0;
		};
/* End PBXFrameworksBuildPhase section */

/* Begin PBXGroup section */
		180507C923225CFC0072B488 = {
			isa = PBXGroup;
			children = (
				180507D423225CFC0072B488 /* TestIgnore */,
				180507D323225CFC0072B488 /* Products */,
				CEDEB3D4863C17B5DFF02E50 /* Pods */,
				94B46128826B288C4FA8A6F6 /* Frameworks */,
			);
			sourceTree = "<group>";
		};
		180507D323225CFC0072B488 /* Products */ = {
			isa = PBXGroup;
			children = (
				180507D223225CFC0072B488 /* TestIgnore.app */,
			);
			name = Products;
			sourceTree = "<group>";
		};
		180507D423225CFC0072B488 /* TestIgnore */ = {
			isa = PBXGroup;
			children = (
				180507D523225CFC0072B488 /* AppDelegate.h */,
				180507D623225CFC0072B488 /* AppDelegate.m */,
				180507D823225CFC0072B488 /* ViewController.h */,
				180507D923225CFC0072B488 /* ViewController.m */,
				180507DB23225CFC0072B488 /* Main.storyboard */,
				180507DE23225CFE0072B488 /* Assets.xcassets */,
				180507E023225CFE0072B488 /* LaunchScreen.storyboard */,
				180507E323225CFE0072B488 /* Info.plist */,
				180507E423225CFE0072B488 /* main.m */,
			);
			path = TestIgnore;
			sourceTree = "<group>";
		};
		94B46128826B288C4FA8A6F6 /* Frameworks */ = {
			isa = PBXGroup;
			children = (
				EE0144CC2C2339AA54DF505A /* Pods_TestIgnore.framework */,
			);
			name = Frameworks;
			sourceTree = "<group>";
		};
		CEDEB3D4863C17B5DFF02E50 /* Pods */ = {
			isa = PBXGroup;
			children = (
				2287C8C05B06FB8D8624E4D7 /* Pods-TestIgnore.debug.xcconfig */,
				F6EAF0A0DCA8E8253B9CEE40 /* Pods-TestIgnore.release.xcconfig */,
			);
			name = Pods;
			path = Pods;
			sourceTree = "<group>";
		};
/* End PBXGroup section */

/* Begin PBXNativeTarget section */
		180507D123225CFC0072B488 /* TestIgnore */ = {
			isa = PBXNativeTarget;
			buildConfigurationList = 180507E823225CFE0072B488 /* Build configuration list for PBXNativeTarget "TestIgnore" */;
			buildPhases = (
				6211343A214E2889F01D0943 /* [CP] Check Pods Manifest.lock */,
				180507CE23225CFC0072B488 /* Sources */,
				180507CF23225CFC0072B488 /* Frameworks */,
				180507D023225CFC0072B488 /* Resources */,
				F0CD8B0CD7530A40BE48D79C /* [CP] Embed Pods Frameworks */,
			);
			buildRules = (
			);
			dependencies = (
			);
			name = TestIgnore;
			productName = TestIgnore;
			productReference = 180507D223225CFC0072B488 /* TestIgnore.app */;
			productType = "com.apple.product-type.application";
		};
/* End PBXNativeTarget section */

/* Begin PBXProject section */
		180507CA23225CFC0072B488 /* Project object */ = {
			isa = PBXProject;
			attributes = {
				LastUpgradeCheck = 1030;
				ORGANIZATIONNAME = HSCOO;
				TargetAttributes = {
					180507D123225CFC0072B488 = {
						CreatedOnToolsVersion = 10.3;
					};
				};
			};
			buildConfigurationList = 180507CD23225CFC0072B488 /* Build configuration list for PBXProject "TestIgnore" */;
			compatibilityVersion = "Xcode 9.3";
			developmentRegion = en;
			hasScannedForEncodings = 0;
			knownRegions = (
				en,
				Base,
			);
			mainGroup = 180507C923225CFC0072B488;
			productRefGroup = 180507D323225CFC0072B488 /* Products */;
			projectDirPath = "";
			projectRoot = "";
			targets = (
				180507D123225CFC0072B488 /* TestIgnore */,
			);
		};
/* End PBXProject section */

/* Begin PBXResourcesBuildPhase section */
		180507D023225CFC0072B488 /* Resources */ = {
			isa = PBXResourcesBuildPhase;
			buildActionMask = 2147483647;
			files = (
				180507E223225CFE0072B488 /* LaunchScreen.storyboard in Resources */,
				180507DF23225CFE0072B488 /* Assets.xcassets in Resources */,
				180507DD23225CFC0072B488 /* Main.storyboard in Resources */,
			);
			runOnlyForDeploymentPostprocessing = 0;
		};
/* End PBXResourcesBuildPhase section */

/* Begin PBXShellScriptBuildPhase section */
		6211343A214E2889F01D0943 /* [CP] Check Pods Manifest.lock */ = {
			isa = PBXShellScriptBuildPhase;
			buildActionMask = 2147483647;
			files = (
			);
			inputFileListPaths = (
			);
			inputPaths = (
				"${PODS_PODFILE_DIR_PATH}/Podfile.lock",
				"${PODS_ROOT}/Manifest.lock",
			);
			name = "[CP] Check Pods Manifest.lock";
			outputFileListPaths = (
			);
			outputPaths = (
				"$(DERIVED_FILE_DIR)/Pods-TestIgnore-checkManifestLockResult.txt",
			);
			runOnlyForDeploymentPostprocessing = 0;
			shellPath = /bin/sh;
			shellScript = "diff \"${PODS_PODFILE_DIR_PATH}/Podfile.lock\" \"${PODS_ROOT}/Manifest.lock\" > /dev/null\nif [ $? != 0 ] ; then\n    # print error to STDERR\n    echo \"error: The sandbox is not in sync with the Podfile.lock. Run 'pod install' or update your CocoaPods installation.\" >&2\n    exit 1\nfi\n# This output is used by Xcode 'outputs' to avoid re-running this script phase.\necho \"SUCCESS\" > \"${SCRIPT_OUTPUT_FILE_0}\"\n";
			showEnvVarsInLog = 0;
		};
		F0CD8B0CD7530A40BE48D79C /* [CP] Embed Pods Frameworks */ = {
			isa = PBXShellScriptBuildPhase;
			buildActionMask = 2147483647;
			files = (
			);
			inputFileListPaths = (
				"${PODS_ROOT}/Target Support Files/Pods-TestIgnore/Pods-TestIgnore-frameworks-${CONFIGURATION}-input-files.xcfilelist",
			);
			name = "[CP] Embed Pods Frameworks";
			outputFileListPaths = (
				"${PODS_ROOT}/Target Support Files/Pods-TestIgnore/Pods-TestIgnore-frameworks-${CONFIGURATION}-output-files.xcfilelist",
			);
			runOnlyForDeploymentPostprocessing = 0;
			shellPath = /bin/sh;
			shellScript = "\"${PODS_ROOT}/Target Support Files/Pods-TestIgnore/Pods-TestIgnore-frameworks.sh\"\n";
			showEnvVarsInLog = 0;
		};
/* End PBXShellScriptBuildPhase section */

/* Begin PBXSourcesBuildPhase section */
		180507CE23225CFC0072B488 /* Sources */ = {
			isa = PBXSourcesBuildPhase;
			buildActionMask = 2147483647;
			files = (
				180507DA23225CFC0072B488 /* ViewController.m in Sources */,
				180507E523225CFE0072B488 /* main.m in Sources */,
				180507D723225CFC0072B488 /* AppDelegate.m in Sources */,
			);
			runOnlyForDeploymentPostprocessing = 0;
		};
/* End PBXSourcesBuildPhase section */

/* Begin PBXVariantGroup section */
		180507DB23225CFC0072B488 /* Main.storyboard */ = {
			isa = PBXVariantGroup;
			children = (
				180507DC23225CFC0072B488 /* Base */,
			);
			name = Main.storyboard;
			sourceTree = "<group>";
		};
		180507E023225CFE0072B488 /* LaunchScreen.storyboard */ = {
			isa = PBXVariantGroup;
			children = (
				180507E123225CFE0072B488 /* Base */,
			);
			name = LaunchScreen.storyboard;
			sourceTree = "<group>";
		};
/* End PBXVariantGroup section */

/* Begin XCBuildConfiguration section */
		180507E623225CFE0072B488 /* Debug */ = {
			isa = XCBuildConfiguration;
			buildSettings = {
				ALWAYS_SEARCH_USER_PATHS = NO;
				CLANG_ANALYZER_NONNULL = YES;
				CLANG_ANALYZER_NUMBER_OBJECT_CONVERSION = YES_AGGRESSIVE;
				CLANG_CXX_LANGUAGE_STANDARD = "gnu++14";
				CLANG_CXX_LIBRARY = "libc++";
				CLANG_ENABLE_MODULES = YES;
				CLANG_ENABLE_OBJC_ARC = YES;
				CLANG_ENABLE_OBJC_WEAK = YES;
				CLANG_WARN_BLOCK_CAPTURE_AUTORELEASING = YES;
				CLANG_WARN_BOOL_CONVERSION = YES;
				CLANG_WARN_COMMA = YES;
				CLANG_WARN_CONSTANT_CONVERSION = YES;
				CLANG_WARN_DEPRECATED_OBJC_IMPLEMENTATIONS = YES;
				CLANG_WARN_DIRECT_OBJC_ISA_USAGE = YES_ERROR;
				CLANG_WARN_DOCUMENTATION_COMMENTS = YES;
				CLANG_WARN_EMPTY_BODY = YES;
				CLANG_WARN_ENUM_CONVERSION = YES;
				CLANG_WARN_INFINITE_RECURSION = YES;
				CLANG_WARN_INT_CONVERSION = YES;
				CLANG_WARN_NON_LITERAL_NULL_CONVERSION = YES;
				CLANG_WARN_OBJC_IMPLICIT_RETAIN_SELF = YES;
				CLANG_WARN_OBJC_LITERAL_CONVERSION = YES;
				CLANG_WARN_OBJC_ROOT_CLASS = YES_ERROR;
				CLANG_WARN_RANGE_LOOP_ANALYSIS = YES;
				CLANG_WARN_STRICT_PROTOTYPES = YES;
				CLANG_WARN_SUSPICIOUS_MOVE = YES;
				CLANG_WARN_UNGUARDED_AVAILABILITY = YES_AGGRESSIVE;
				CLANG_WARN_UNREACHABLE_CODE = YES;
				CLANG_WARN__DUPLICATE_METHOD_MATCH = YES;
				CODE_SIGN_IDENTITY = "iPhone Developer";
				COPY_PHASE_STRIP = NO;
				DEBUG_INFORMATION_FORMAT = dwarf;
				ENABLE_STRICT_OBJC_MSGSEND = YES;
				ENABLE_TESTABILITY = YES;
				GCC_C_LANGUAGE_STANDARD = gnu11;
				GCC_DYNAMIC_NO_PIC = NO;
				GCC_NO_COMMON_BLOCKS = YES;
				GCC_OPTIMIZATION_LEVEL = 0;
				GCC_PREPROCESSOR_DEFINITIONS = (
					"DEBUG=1",
					"$(inherited)",
				);
				GCC_WARN_64_TO_32_BIT_CONVERSION = YES;
				GCC_WARN_ABOUT_RETURN_TYPE = YES_ERROR;
				GCC_WARN_UNDECLARED_SELECTOR = YES;
				GCC_WARN_UNINITIALIZED_AUTOS = YES_AGGRESSIVE;
				GCC_WARN_UNUSED_FUNCTION = YES;
				GCC_WARN_UNUSED_VARIABLE = YES;
				IPHONEOS_DEPLOYMENT_TARGET = 12.4;
				MTL_ENABLE_DEBUG_INFO = INCLUDE_SOURCE;
				MTL_FAST_MATH = YES;
				ONLY_ACTIVE_ARCH = YES;
				SDKROOT = iphoneos;
			};
			name = Debug;
		};
		180507E723225CFE0072B488 /* Release */ = {
			isa = XCBuildConfiguration;
			buildSettings = {
				ALWAYS_SEARCH_USER_PATHS = NO;
				CLANG_ANALYZER_NONNULL = YES;
				CLANG_ANALYZER_NUMBER_OBJECT_CONVERSION = YES_AGGRESSIVE;
				CLANG_CXX_LANGUAGE_STANDARD = "gnu++14";
				CLANG_CXX_LIBRARY = "libc++";
				CLANG_ENABLE_MODULES = YES;
				CLANG_ENABLE_OBJC_ARC = YES;
				CLANG_ENABLE_OBJC_WEAK = YES;
				CLANG_WARN_BLOCK_CAPTURE_AUTORELEASING = YES;
				CLANG_WARN_BOOL_CONVERSION = YES;
				CLANG_WARN_COMMA = YES;
				CLANG_WARN_CONSTANT_CONVERSION = YES;
				CLANG_WARN_DEPRECATED_OBJC_IMPLEMENTATIONS = YES;
				CLANG_WARN_DIRECT_OBJC_ISA_USAGE = YES_ERROR;
				CLANG_WARN_DOCUMENTATION_COMMENTS = YES;
				CLANG_WARN_EMPTY_BODY = YES;
				CLANG_WARN_ENUM_CONVERSION = YES;
				CLANG_WARN_INFINITE_RECURSION = YES;
				CLANG_WARN_INT_CONVERSION = YES;
				CLANG_WARN_NON_LITERAL_NULL_CONVERSION = YES;
				CLANG_WARN_OBJC_IMPLICIT_RETAIN_SELF = YES;
				CLANG_WARN_OBJC_LITERAL_CONVERSION = YES;
				CLANG_WARN_OBJC_ROOT_CLASS = YES_ERROR;
				CLANG_WARN_RANGE_LOOP_ANALYSIS = YES;
				CLANG_WARN_STRICT_PROTOTYPES = YES;
				CLANG_WARN_SUSPICIOUS_MOVE = YES;
				CLANG_WARN_UNGUARDED_AVAILABILITY = YES_AGGRESSIVE;
				CLANG_WARN_UNREACHABLE_CODE = YES;
				CLANG_WARN__DUPLICATE_METHOD_MATCH = YES;
				CODE_SIGN_IDENTITY = "iPhone Developer";
				COPY_PHASE_STRIP = NO;
				DEBUG_INFORMATION_FORMAT = "dwarf-with-dsym";
				ENABLE_NS_ASSERTIONS = NO;
				ENABLE_STRICT_OBJC_MSGSEND = YES;
				GCC_C_LANGUAGE_STANDARD = gnu11;
				GCC_NO_COMMON_BLOCKS = YES;
				GCC_WARN_64_TO_32_BIT_CONVERSION = YES;
				GCC_WARN_ABOUT_RETURN_TYPE = YES_ERROR;
				GCC_WARN_UNDECLARED_SELECTOR = YES;
				GCC_WARN_UNINITIALIZED_AUTOS = YES_AGGRESSIVE;
				GCC_WARN_UNUSED_FUNCTION = YES;
				GCC_WARN_UNUSED_VARIABLE = YES;
				IPHONEOS_DEPLOYMENT_TARGET = 12.4;
				MTL_ENABLE_DEBUG_INFO = NO;
				MTL_FAST_MATH = YES;
				SDKROOT = iphoneos;
				VALIDATE_PRODUCT = YES;
			};
			name = Release;
		};
		180507E923225CFE0072B488 /* Debug */ = {
			isa = XCBuildConfiguration;
			baseConfigurationReference = 2287C8C05B06FB8D8624E4D7 /* Pods-TestIgnore.debug.xcconfig */;
			buildSettings = {
				ASSETCATALOG_COMPILER_APPICON_NAME = AppIcon;
				CODE_SIGN_STYLE = Automatic;
				INFOPLIST_FILE = TestIgnore/Info.plist;
				LD_RUNPATH_SEARCH_PATHS = (
					"$(inherited)",
					"@executable_path/Frameworks",
				);
				PRODUCT_BUNDLE_IDENTIFIER = com.hscoo.TestIgnore;
				PRODUCT_NAME = "$(TARGET_NAME)";
				TARGETED_DEVICE_FAMILY = "1,2";
			};
			name = Debug;
		};
		180507EA23225CFE0072B488 /* Release */ = {
			isa = XCBuildConfiguration;
			baseConfigurationReference = F6EAF0A0DCA8E8253B9CEE40 /* Pods-TestIgnore.release.xcconfig */;
			buildSettings = {
				ASSETCATALOG_COMPILER_APPICON_NAME = AppIcon;
				CODE_SIGN_STYLE = Automatic;
				INFOPLIST_FILE = TestIgnore/Info.plist;
				LD_RUNPATH_SEARCH_PATHS = (
					"$(inherited)",
					"@executable_path/Frameworks",
				);
				PRODUCT_BUNDLE_IDENTIFIER = com.hscoo.TestIgnore;
				PRODUCT_NAME = "$(TARGET_NAME)";
				TARGETED_DEVICE_FAMILY = "1,2";
			};
			name = Release;
		};
/* End XCBuildConfiguration section */

/* Begin XCConfigurationList section */
		180507CD23225CFC0072B488 /* Build configuration list for PBXProject "TestIgnore" */ = {
			isa = XCConfigurationList;
			buildConfigurations = (
				180507E623225CFE0072B488 /* Debug */,
				180507E723225CFE0072B488 /* Release */,
			);
			defaultConfigurationIsVisible = 0;
			defaultConfigurationName = Release;
		};
		180507E823225CFE0072B488 /* Build configuration list for PBXNativeTarget "TestIgnore" */ = {
			isa = XCConfigurationList;
			buildConfigurations = (
				180507E923225CFE0072B488 /* Debug */,
				180507EA23225CFE0072B488 /* Release */,
			);
			defaultConfigurationIsVisible = 0;
			defaultConfigurationName = Release;
		};
/* End XCConfigurationList section */
	};
	rootObject = 180507CA23225CFC0072B488 /* Project object */;
}
